{
  "nodes": {
    "darwin": {
      "inputs": {
        "nixpkgs": [
          "macosPkgs"
        ]
      },
      "locked": {
        "lastModified": 1617693609,
        "narHash": "sha256-/+6wm08yHK8mhyljzELD4WE9Gh8XUVbHL0R1TQpZtTQ=",
        "owner": "lnl7",
        "repo": "nix-darwin",
        "rev": "a7492a8c76dcc702d0a65cd820a5f9baa8702684",
        "type": "github"
      },
      "original": {
        "owner": "lnl7",
        "repo": "nix-darwin",
        "type": "github"
      }
    },
    "impermanence": {
      "locked": {
        "lastModified": 1611747548,
        "narHash": "sha256-2z5wmWda1uI4IkTZrW52jiHq3bzhYLc+GgjvaSd544M=",
        "owner": "nix-community",
        "repo": "impermanence",
        "rev": "58558845bc68dcf2bb32caa80564f7fe3f6cbc61",
        "type": "github"
      },
      "original": {
        "owner": "nix-community",
        "repo": "impermanence",
        "type": "github"
      }
    },
    "macosHome": {
      "inputs": {
        "nixpkgs": [
          "macosPkgs"
        ]
      },
      "locked": {
        "lastModified": 1622312560,
        "narHash": "sha256-xBWgiwnPaL/iZasPxw3BuvPAee/2jiToiZjKvKLs+PA=",
        "owner": "nix-community",
        "repo": "home-manager",
        "rev": "ab64dc32493996c24607eab2cae6663466ddfb8a",
        "type": "github"
      },
      "original": {
        "owner": "nix-community",
        "ref": "release-21.05",
        "repo": "home-manager",
        "type": "github"
      }
    },
    "macosPkgs": {
      "locked": {
        "lastModified": 1622232823,
        "narHash": "sha256-hSdujNUlSYAFpuZ6OwQ7FgWttoqp6PRPJs0rXeT7noc=",
        "owner": "nixos",
        "repo": "nixpkgs",
        "rev": "9588f49304cf10c9adbcecc8a6b2d46c0c2e08b4",
        "type": "github"
      },
      "original": {
        "owner": "nixos",
        "ref": "nixpkgs-21.05-darwin",
        "repo": "nixpkgs",
        "type": "github"
      }
    },
    "nixosHome": {
      "inputs": {
        "nixpkgs": [
          "nixosPkgs"
        ]
      },
      "locked": {
        "lastModified": 1622312560,
        "narHash": "sha256-xBWgiwnPaL/iZasPxw3BuvPAee/2jiToiZjKvKLs+PA=",
        "owner": "nix-community",
        "repo": "home-manager",
        "rev": "ab64dc32493996c24607eab2cae6663466ddfb8a",
        "type": "github"
      },
      "original": {
        "owner": "nix-community",
        "ref": "release-21.05",
        "repo": "home-manager",
        "type": "github"
      }
    },
    "nixosPkgs": {
      "locked": {
        "lastModified": 1622709030,
        "narHash": "sha256-tZPOH2bIXV3lws1LQUsa/lICV676bxzhySpyZRZIJ+E=",
        "owner": "nixos",
        "repo": "nixpkgs",
        "rev": "2d1b9ef5e79e84fe1f47f4eb09522101d5730d20",
        "type": "github"
      },
      "original": {
        "owner": "nixos",
        "ref": "nixos-21.05-small",
        "repo": "nixpkgs",
        "type": "github"
      }
    },
    "root": {
      "inputs": {
        "darwin": "darwin",
        "impermanence": "impermanence",
        "macosHome": "macosHome",
        "macosPkgs": "macosPkgs",
        "nixosHome": "nixosHome",
        "nixosPkgs": "nixosPkgs",
        "unstable": "unstable"
      }
    },
    "unstable": {
      "locked": {
        "lastModified": 1622730386,
        "narHash": "sha256-xsOXahOo087nhwyMwAPhLIcVENl0SnqdqgRLTnpMYdI=",
        "owner": "nixos",
        "repo": "nixpkgs",
        "rev": "35b4ca8dd554753a5309d434f28107cf96e300e3",
        "type": "github"
      },
      "original": {
        "owner": "nixos",
        "repo": "nixpkgs",
        "type": "github"
      }
    }
  },
  "root": "root",
  "version": 7
}
